
Microsoft Visual Studio Solution File, Format Version 12.00
# Visual Studio Version 17
VisualStudioVersion = 17.12.35707.178
MinimumVisualStudioVersion = 10.0.40219.1
Project("{FAE04EC0-301F-11D3-BF4B-00C04F79EFBC}") = "App.ECommerce", "App.e-commerce\App.ECommerce.csproj", "{431B05C2-D0E6-4B2F-A6F8-99C6B5543475}"
EndProject
Project("{FAE04EC0-301F-11D3-BF4B-00C04F79EFBC}") = "App.Admin", "Admin\App.Admin.csproj", "{3CB28633-B376-4062-B8BC-C90FB75F230A}"
EndProject
Project("{FAE04EC0-301F-11D3-BF4B-00C04F79EFBC}") = "App.Data", "eCommerce.Data\App.Data.csproj", "{5014CD5F-FC99-48C7-962E-840F97B28579}"
EndProject
Project("{FAE04EC0-301F-11D3-BF4B-00C04F79EFBC}") = "App.Data.Repository", "ECommerce.Repository\App.Data.Repository.csproj", "{BD48672F-87C8-4F0F-820F-722F048CF529}"
EndProject
Project("{FAE04EC0-301F-11D3-BF4B-00C04F79EFBC}") = "App.DbServices", "App.Services\App.DbServices.csproj", "{F596F833-9610-4237-A6B4-3C22E053F81A}"
EndProject
Project("{FAE04EC0-301F-11D3-BF4B-00C04F79EFBC}") = "App.Logging", "App.Logging.LoggerService\App.Logging.csproj", "{D7051251-7E54-4659-B900-1F1C37D403B1}"
EndProject
Project("{FAE04EC0-301F-11D3-BF4B-00C04F79EFBC}") = "App.Extensions", "App.Extensions\App.Extensions.csproj", "{A11FCD34-3614-4FDE-BBDF-77F125B2BB09}"
EndProject
Global
	GlobalSection(SolutionConfigurationPlatforms) = preSolution
		Debug|Any CPU = Debug|Any CPU
		Release|Any CPU = Release|Any CPU
	EndGlobalSection
	GlobalSection(ProjectConfigurationPlatforms) = postSolution
		{431B05C2-D0E6-4B2F-A6F8-99C6B5543475}.Debug|Any CPU.ActiveCfg = Debug|Any CPU
		{431B05C2-D0E6-4B2F-A6F8-99C6B5543475}.Debug|Any CPU.Build.0 = Debug|Any CPU
		{431B05C2-D0E6-4B2F-A6F8-99C6B5543475}.Release|Any CPU.ActiveCfg = Release|Any CPU
		{431B05C2-D0E6-4B2F-A6F8-99C6B5543475}.Release|Any CPU.Build.0 = Release|Any CPU
		{3CB28633-B376-4062-B8BC-C90FB75F230A}.Debug|Any CPU.ActiveCfg = Debug|Any CPU
		{3CB28633-B376-4062-B8BC-C90FB75F230A}.Debug|Any CPU.Build.0 = Debug|Any CPU
		{3CB28633-B376-4062-B8BC-C90FB75F230A}.Release|Any CPU.ActiveCfg = Release|Any CPU
		{3CB28633-B376-4062-B8BC-C90FB75F230A}.Release|Any CPU.Build.0 = Release|Any CPU
		{5014CD5F-FC99-48C7-962E-840F97B28579}.Debug|Any CPU.ActiveCfg = Debug|Any CPU
		{5014CD5F-FC99-48C7-962E-840F97B28579}.Debug|Any CPU.Build.0 = Debug|Any CPU
		{5014CD5F-FC99-48C7-962E-840F97B28579}.Release|Any CPU.ActiveCfg = Release|Any CPU
		{5014CD5F-FC99-48C7-962E-840F97B28579}.Release|Any CPU.Build.0 = Release|Any CPU
		{BD48672F-87C8-4F0F-820F-722F048CF529}.Debug|Any CPU.ActiveCfg = Debug|Any CPU
		{BD48672F-87C8-4F0F-820F-722F048CF529}.Debug|Any CPU.Build.0 = Debug|Any CPU
		{BD48672F-87C8-4F0F-820F-722F048CF529}.Release|Any CPU.ActiveCfg = Release|Any CPU
		{BD48672F-87C8-4F0F-820F-722F048CF529}.Release|Any CPU.Build.0 = Release|Any CPU
		{F596F833-9610-4237-A6B4-3C22E053F81A}.Debug|Any CPU.ActiveCfg = Debug|Any CPU
		{F596F833-9610-4237-A6B4-3C22E053F81A}.Debug|Any CPU.Build.0 = Debug|Any CPU
		{F596F833-9610-4237-A6B4-3C22E053F81A}.Release|Any CPU.ActiveCfg = Release|Any CPU
		{F596F833-9610-4237-A6B4-3C22E053F81A}.Release|Any CPU.Build.0 = Release|Any CPU
		{D7051251-7E54-4659-B900-1F1C37D403B1}.Debug|Any CPU.ActiveCfg = Debug|Any CPU
		{D7051251-7E54-4659-B900-1F1C37D403B1}.Debug|Any CPU.Build.0 = Debug|Any CPU
		{D7051251-7E54-4659-B900-1F1C37D403B1}.Release|Any CPU.ActiveCfg = Release|Any CPU
		{D7051251-7E54-4659-B900-1F1C37D403B1}.Release|Any CPU.Build.0 = Release|Any CPU
		{A11FCD34-3614-4FDE-BBDF-77F125B2BB09}.Debug|Any CPU.ActiveCfg = Debug|Any CPU
		{A11FCD34-3614-4FDE-BBDF-77F125B2BB09}.Debug|Any CPU.Build.0 = Debug|Any CPU
		{A11FCD34-3614-4FDE-BBDF-77F125B2BB09}.Release|Any CPU.ActiveCfg = Release|Any CPU
		{A11FCD34-3614-4FDE-BBDF-77F125B2BB09}.Release|Any CPU.Build.0 = Release|Any CPU
	EndGlobalSection
	GlobalSection(SolutionProperties) = preSolution
		HideSolutionNode = FALSE
	EndGlobalSection
	GlobalSection(ExtensibilityGlobals) = postSolution
		SolutionGuid = {42DD5D84-8DCC-4215-8F61-71DDAA78E18C}
	EndGlobalSection
EndGlobal
